
Microsoft Visual Studio Solution File, Format Version 12.00
# Visual Studio Version 17
VisualStudioVersion = 17.11.35312.102
MinimumVisualStudioVersion = 10.0.40219.1
Project("{9A19103F-16F7-4668-BE54-9A1E7A4F7556}") = "AlbumInventoryMicroservice", "AlbumInventoryMicroservice\AlbumInventoryMicroservice.csproj", "{52956DBA-208D-408B-BD30-5F94C3895AAE}"
EndProject
Project("{FAE04EC0-301F-11D3-BF4B-00C04F79EFBC}") = "AlbumInventoryClient", "AlbumInventoryClient\AlbumInventoryClient.csproj", "{DF3D5117-DB69-4485-B98F-50958634EE74}"
EndProject
Global
	GlobalSection(SolutionConfigurationPlatforms) = preSolution
		Debug|Any CPU = Debug|Any CPU
		Release|Any CPU = Release|Any CPU
	EndGlobalSection
	GlobalSection(ProjectConfigurationPlatforms) = postSolution
		{52956DBA-208D-408B-BD30-5F94C3895AAE}.Debug|Any CPU.ActiveCfg = Debug|Any CPU
		{52956DBA-208D-408B-BD30-5F94C3895AAE}.Debug|Any CPU.Build.0 = Debug|Any CPU
		{52956DBA-208D-408B-BD30-5F94C3895AAE}.Release|Any CPU.ActiveCfg = Release|Any CPU
		{52956DBA-208D-408B-BD30-5F94C3895AAE}.Release|Any CPU.Build.0 = Release|Any CPU
		{DF3D5117-DB69-4485-B98F-50958634EE74}.Debug|Any CPU.ActiveCfg = Debug|Any CPU
		{DF3D5117-DB69-4485-B98F-50958634EE74}.Debug|Any CPU.Build.0 = Debug|Any CPU
		{DF3D5117-DB69-4485-B98F-50958634EE74}.Release|Any CPU.ActiveCfg = Release|Any CPU
		{DF3D5117-DB69-4485-B98F-50958634EE74}.Release|Any CPU.Build.0 = Release|Any CPU
	EndGlobalSection
	GlobalSection(SolutionProperties) = preSolution
		HideSolutionNode = FALSE
	EndGlobalSection
	GlobalSection(ExtensibilityGlobals) = postSolution
		SolutionGuid = {8097C715-8B76-48D4-A17F-4C9C1C314BFF}
	EndGlobalSection
EndGlobal
